
Microsoft Visual Studio Solution File, Format Version 12.00
# Visual Studio Version 17
VisualStudioVersion = 17.0.31903.59
MinimumVisualStudioVersion = 10.0.40219.1
Project("{2150E333-8FDC-42A3-9474-1A3956D46DE8}") = "src", "src", "{827E0CD3-B72D-47B6-A68D-7590B98EB39B}"
EndProject
Project("{FAE04EC0-301F-11D3-BF4B-00C04F79EFBC}") = "ClariveSDK", "src\ClariveSDK\ClariveSDK.csproj", "{832CF3D8-FAB2-42CD-829C-DCA8742BDC1D}"
EndProject
Project("{2150E333-8FDC-42A3-9474-1A3956D46DE8}") = "tests", "tests", "{0AB3BF05-4346-4AA6-1389-037BE0695223}"
EndProject
Project("{FAE04EC0-301F-11D3-BF4B-00C04F79EFBC}") = "ClariveSDK.Tests", "tests\ClariveSDK.Tests\ClariveSDK.Tests.csproj", "{DE9D61AC-1B13-4BEB-AFF8-1A692076A351}"
EndProject
Project("{2150E333-8FDC-42A3-9474-1A3956D46DE8}") = "example", "example", "{1D587995-D2B1-D47C-23B4-E8E972FA15E9}"
EndProject
Project("{FAE04EC0-301F-11D3-BF4B-00C04F79EFBC}") = "ClariveSDK.Example", "example\ClariveSDK.Example\ClariveSDK.Example.csproj", "{671792B2-861B-4AF5-B93C-97A128382605}"
EndProject
Global
	GlobalSection(SolutionConfigurationPlatforms) = preSolution
		Debug|Any CPU = Debug|Any CPU
		Debug|x64 = Debug|x64
		Debug|x86 = Debug|x86
		Release|Any CPU = Release|Any CPU
		Release|x64 = Release|x64
		Release|x86 = Release|x86
	EndGlobalSection
	GlobalSection(ProjectConfigurationPlatforms) = postSolution
		{832CF3D8-FAB2-42CD-829C-DCA8742BDC1D}.Debug|Any CPU.ActiveCfg = Debug|Any CPU
		{832CF3D8-FAB2-42CD-829C-DCA8742BDC1D}.Debug|Any CPU.Build.0 = Debug|Any CPU
		{832CF3D8-FAB2-42CD-829C-DCA8742BDC1D}.Debug|x64.ActiveCfg = Debug|Any CPU
		{832CF3D8-FAB2-42CD-829C-DCA8742BDC1D}.Debug|x64.Build.0 = Debug|Any CPU
		{832CF3D8-FAB2-42CD-829C-DCA8742BDC1D}.Debug|x86.ActiveCfg = Debug|Any CPU
		{832CF3D8-FAB2-42CD-829C-DCA8742BDC1D}.Debug|x86.Build.0 = Debug|Any CPU
		{832CF3D8-FAB2-42CD-829C-DCA8742BDC1D}.Release|Any CPU.ActiveCfg = Release|Any CPU
		{832CF3D8-FAB2-42CD-829C-DCA8742BDC1D}.Release|Any CPU.Build.0 = Release|Any CPU
		{832CF3D8-FAB2-42CD-829C-DCA8742BDC1D}.Release|x64.ActiveCfg = Release|Any CPU
		{832CF3D8-FAB2-42CD-829C-DCA8742BDC1D}.Release|x64.Build.0 = Release|Any CPU
		{832CF3D8-FAB2-42CD-829C-DCA8742BDC1D}.Release|x86.ActiveCfg = Release|Any CPU
		{832CF3D8-FAB2-42CD-829C-DCA8742BDC1D}.Release|x86.Build.0 = Release|Any CPU
		{DE9D61AC-1B13-4BEB-AFF8-1A692076A351}.Debug|Any CPU.ActiveCfg = Debug|Any CPU
		{DE9D61AC-1B13-4BEB-AFF8-1A692076A351}.Debug|Any CPU.Build.0 = Debug|Any CPU
		{DE9D61AC-1B13-4BEB-AFF8-1A692076A351}.Debug|x64.ActiveCfg = Debug|Any CPU
		{DE9D61AC-1B13-4BEB-AFF8-1A692076A351}.Debug|x64.Build.0 = Debug|Any CPU
		{DE9D61AC-1B13-4BEB-AFF8-1A692076A351}.Debug|x86.ActiveCfg = Debug|Any CPU
		{DE9D61AC-1B13-4BEB-AFF8-1A692076A351}.Debug|x86.Build.0 = Debug|Any CPU
		{DE9D61AC-1B13-4BEB-AFF8-1A692076A351}.Release|Any CPU.ActiveCfg = Release|Any CPU
		{DE9D61AC-1B13-4BEB-AFF8-1A692076A351}.Release|Any CPU.Build.0 = Release|Any CPU
		{DE9D61AC-1B13-4BEB-AFF8-1A692076A351}.Release|x64.ActiveCfg = Release|Any CPU
		{DE9D61AC-1B13-4BEB-AFF8-1A692076A351}.Release|x64.Build.0 = Release|Any CPU
		{DE9D61AC-1B13-4BEB-AFF8-1A692076A351}.Release|x86.ActiveCfg = Release|Any CPU
		{DE9D61AC-1B13-4BEB-AFF8-1A692076A351}.Release|x86.Build.0 = Release|Any CPU
		{671792B2-861B-4AF5-B93C-97A128382605}.Debug|Any CPU.ActiveCfg = Debug|Any CPU
		{671792B2-861B-4AF5-B93C-97A128382605}.Debug|Any CPU.Build.0 = Debug|Any CPU
		{671792B2-861B-4AF5-B93C-97A128382605}.Debug|x64.ActiveCfg = Debug|Any CPU
		{671792B2-861B-4AF5-B93C-97A128382605}.Debug|x64.Build.0 = Debug|Any CPU
		{671792B2-861B-4AF5-B93C-97A128382605}.Debug|x86.ActiveCfg = Debug|Any CPU
		{671792B2-861B-4AF5-B93C-97A128382605}.Debug|x86.Build.0 = Debug|Any CPU
		{671792B2-861B-4AF5-B93C-97A128382605}.Release|Any CPU.ActiveCfg = Release|Any CPU
		{671792B2-861B-4AF5-B93C-97A128382605}.Release|Any CPU.Build.0 = Release|Any CPU
		{671792B2-861B-4AF5-B93C-97A128382605}.Release|x64.ActiveCfg = Release|Any CPU
		{671792B2-861B-4AF5-B93C-97A128382605}.Release|x64.Build.0 = Release|Any CPU
		{671792B2-861B-4AF5-B93C-97A128382605}.Release|x86.ActiveCfg = Release|Any CPU
		{671792B2-861B-4AF5-B93C-97A128382605}.Release|x86.Build.0 = Release|Any CPU
	EndGlobalSection
	GlobalSection(SolutionProperties) = preSolution
		HideSolutionNode = FALSE
	EndGlobalSection
	GlobalSection(NestedProjects) = preSolution
		{832CF3D8-FAB2-42CD-829C-DCA8742BDC1D} = {827E0CD3-B72D-47B6-A68D-7590B98EB39B}
		{DE9D61AC-1B13-4BEB-AFF8-1A692076A351} = {0AB3BF05-4346-4AA6-1389-037BE0695223}
		{671792B2-861B-4AF5-B93C-97A128382605} = {1D587995-D2B1-D47C-23B4-E8E972FA15E9}
	EndGlobalSection
EndGlobal
